// !$*UTF8*$!
{
	archiveVersion = 1;
	classes = {
	};
	objectVersion = 46;
	objects = {

/* Begin PBXBuildFile section */
		BAACE3491ED2798000CED6EE /* AppDelegate.swift in Sources */ = {isa = PBXBuildFile; fileRef = BAACE3481ED2798000CED6EE /* AppDelegate.swift */; };
		BAACE34B1ED2798000CED6EE /* ViewController.swift in Sources */ = {isa = PBXBuildFile; fileRef = BAACE34A1ED2798000CED6EE /* ViewController.swift */; };
		BAACE34E1ED2798000CED6EE /* Main.storyboard in Resources */ = {isa = PBXBuildFile; fileRef = BAACE34C1ED2798000CED6EE /* Main.storyboard */; };
		BAACE3501ED2798000CED6EE /* Assets.xcassets in Resources */ = {isa = PBXBuildFile; fileRef = BAACE34F1ED2798000CED6EE /* Assets.xcassets */; };
		BAACE3531ED2798000CED6EE /* LaunchScreen.storyboard in Resources */ = {isa = PBXBuildFile; fileRef = BAACE3511ED2798000CED6EE /* LaunchScreen.storyboard */; };
/* End PBXBuildFile section */

/* Begin PBXFileReference section */
		BAACE3451ED2798000CED6EE /* Graph Creator.app */ = {isa = PBXFileReference; explicitFileType = wrapper.application; includeInIndex = 0; path = "Graph Creator.app"; sourceTree = BUILT_PRODUCTS_DIR; };
		BAACE3481ED2798000CED6EE /* AppDelegate.swift */ = {isa = PBXFileReference; lastKnownFileType = sourcecode.swift; path = AppDelegate.swift; sourceTree = "<group>"; };
		BAACE34A1ED2798000CED6EE /* ViewController.swift */ = {isa = PBXFileReference; lastKnownFileType = sourcecode.swift; path = ViewController.swift; sourceTree = "<group>"; };
		BAACE34D1ED2798000CED6EE /* Base */ = {isa = PBXFileReference; lastKnownFileType = file.storyboard; name = Base; path = Base.lproj/Main.storyboard; sourceTree = "<group>"; };
		BAACE34F1ED2798000CED6EE /* Assets.xcassets */ = {isa = PBXFileReference; lastKnownFileType = folder.assetcatalog; path = Assets.xcassets; sourceTree = "<group>"; };
		BAACE3521ED2798000CED6EE /* Base */ = {isa = PBXFileReference; lastKnownFileType = file.storyboard; name = Base; path = Base.lproj/LaunchScreen.storyboard; sourceTree = "<group>"; };
		BAACE3541ED2798000CED6EE /* Info.plist */ = {isa = PBXFileReference; lastKnownFileType = text.plist.xml; path = Info.plist; sourceTree = "<group>"; };
/* End PBXFileReference section */

/* Begin PBXFrameworksBuildPhase section */
		BAACE3421ED2798000CED6EE /* Frameworks */ = {
			isa = PBXFrameworksBuildPhase;
			buildActionMask = 2147483647;
			files = (
			);
			runOnlyForDeploymentPostprocessing = 0;
		};
/* End PBXFrameworksBuildPhase section */

/* Begin PBXGroup section */
		BAACE33C1ED2798000CED6EE = {
			isa = PBXGroup;
			children = (
				BAACE3471ED2798000CED6EE /* Graph Creator */,
				BAACE3461ED2798000CED6EE /* Products */,
			);
			sourceTree = "<group>";
		};
		BAACE3461ED2798000CED6EE /* Products */ = {
			isa = PBXGroup;
			children = (
				BAACE3451ED2798000CED6EE /* Graph Creator.app */,
			);
			name = Products;
			sourceTree = "<group>";
		};
		BAACE3471ED2798000CED6EE /* Graph Creator */ = {
			isa = PBXGroup;
			children = (
				BAACE3481ED2798000CED6EE /* AppDelegate.swift */,
				BAACE34A1ED2798000CED6EE /* ViewController.swift */,
				BAACE34C1ED2798000CED6EE /* Main.storyboard */,
				BAACE34F1ED2798000CED6EE /* Assets.xcassets */,
				BAACE3511ED2798000CED6EE /* LaunchScreen.storyboard */,
				BAACE3541ED2798000CED6EE /* Info.plist */,
			);
			path = "Graph Creator";
			sourceTree = "<group>";
		};
/* End PBXGroup section */

/* Begin PBXNativeTarget section */
		BAACE3441ED2798000CED6EE /* Graph Creator */ = {
			isa = PBXNativeTarget;
			buildConfigurationList = BAACE3571ED2798000CED6EE /* Build configuration list for PBXNativeTarget "Graph Creator" */;
			buildPhases = (
				BAACE3411ED2798000CED6EE /* Sources */,
				BAACE3421ED2798000CED6EE /* Frameworks */,
				BAACE3431ED2798000CED6EE /* Resources */,
			);
			buildRules = (
			);
			dependencies = (
			);
			name = "Graph Creator";
			productName = "Graph Creator";
			productReference = BAACE3451ED2798000CED6EE /* Graph Creator.app */;
			productType = "com.apple.product-type.application";
		};
/* End PBXNativeTarget section */

/* Begin PBXProject section */
		BAACE33D1ED2798000CED6EE /* Project object */ = {
			isa = PBXProject;
			attributes = {
				LastSwiftUpdateCheck = 0820;
				LastUpgradeCheck = 0820;
				ORGANIZATIONNAME = HenryRobbins;
				TargetAttributes = {
					BAACE3441ED2798000CED6EE = {
						CreatedOnToolsVersion = 8.2.1;
						ProvisioningStyle = Automatic;
					};
				};
			};
			buildConfigurationList = BAACE3401ED2798000CED6EE /* Build configuration list for PBXProject "Graph Creator" */;
			compatibilityVersion = "Xcode 3.2";
			developmentRegion = English;
			hasScannedForEncodings = 0;
			knownRegions = (
				en,
				Base,
			);
			mainGroup = BAACE33C1ED2798000CED6EE;
			productRefGroup = BAACE3461ED2798000CED6EE /* Products */;
			projectDirPath = "";
			projectRoot = "";
			targets = (
				BAACE3441ED2798000CED6EE /* Graph Creator */,
			);
		};
/* End PBXProject section */

/* Begin PBXResourcesBuildPhase section */
		BAACE3431ED2798000CED6EE /* Resources */ = {
			isa = PBXResourcesBuildPhase;
			buildActionMask = 2147483647;
			files = (
				BAACE3531ED2798000CED6EE /* LaunchScreen.storyboard in Resources */,
				BAACE3501ED2798000CED6EE /* Assets.xcassets in Resources */,
				BAACE34E1ED2798000CED6EE /* Main.storyboard in Resources */,
			);
			runOnlyForDeploymentPostprocessing = 0;
		};
/* End PBXResourcesBuildPhase section */

/* Begin PBXSourcesBuildPhase section */
		BAACE3411ED2798000CED6EE /* Sources */ = {
			isa = PBXSourcesBuildPhase;
			buildActionMask = 2147483647;
			files = (
				BAACE34B1ED2798000CED6EE /* ViewController.swift in Sources */,
				BAACE3491ED2798000CED6EE /* AppDelegate.swift in Sources */,
			);
			runOnlyForDeploymentPostprocessing = 0;
		};
/* End PBXSourcesBuildPhase section */

/* Begin PBXVariantGroup section */
		BAACE34C1ED2798000CED6EE /* Main.storyboard */ = {
			isa = PBXVariantGroup;
			children = (
				BAACE34D1ED2798000CED6EE /* Base */,
			);
			name = Main.storyboard;
			sourceTree = "<group>";
		};
		BAACE3511ED2798000CED6EE /* LaunchScreen.storyboard */ = {
			isa = PBXVariantGroup;
			children = (
				BAACE3521ED2798000CED6EE /* Base */,
			);
			name = LaunchScreen.storyboard;
			sourceTree = "<group>";
		};
/* End PBXVariantGroup section */

/* Begin XCBuildConfiguration section */
		BAACE3551ED2798000CED6EE /* Debug */ = {
			isa = XCBuildConfiguration;
			buildSettings = {
				ALWAYS_SEARCH_USER_PATHS = NO;
				CLANG_ANALYZER_NONNULL = YES;
				CLANG_CXX_LANGUAGE_STANDARD = "gnu++0x";
				CLANG_CXX_LIBRARY = "libc++";
				CLANG_ENABLE_MODULES = YES;
				CLANG_ENABLE_OBJC_ARC = YES;
				CLANG_WARN_BOOL_CONVERSION = YES;
				CLANG_WARN_CONSTANT_CONVERSION = YES;
				CLANG_WARN_DIRECT_OBJC_ISA_USAGE = YES_ERROR;
				CLANG_WARN_DOCUMENTATION_COMMENTS = YES;
				CLANG_WARN_EMPTY_BODY = YES;
				CLANG_WARN_ENUM_CONVERSION = YES;
				CLANG_WARN_INFINITE_RECURSION = YES;
				CLANG_WARN_INT_CONVERSION = YES;
				CLANG_WARN_OBJC_ROOT_CLASS = YES_ERROR;
				CLANG_WARN_SUSPICIOUS_MOVE = YES;
				CLANG_WARN_UNREACHABLE_CODE = YES;
				CLANG_WARN__DUPLICATE_METHOD_MATCH = YES;
				"CODE_SIGN_IDENTITY[sdk=iphoneos*]" = "iPhone Developer";
				COPY_PHASE_STRIP = NO;
				DEBUG_INFORMATION_FORMAT = dwarf;
				ENABLE_STRICT_OBJC_MSGSEND = YES;
				ENABLE_TESTABILITY = YES;
				GCC_C_LANGUAGE_STANDARD = gnu99;
				GCC_DYNAMIC_NO_PIC = NO;
				GCC_NO_COMMON_BLOCKS = YES;
				GCC_OPTIMIZATION_LEVEL = 0;
				GCC_PREPROCESSOR_DEFINITIONS = (
					"DEBUG=1",
					"$(inherited)",
				);
				GCC_WARN_64_TO_32_BIT_CONVERSION = YES;
				GCC_WARN_ABOUT_RETURN_TYPE = YES_ERROR;
				GCC_WARN_UNDECLARED_SELECTOR = YES;
				GCC_WARN_UNINITIALIZED_AUTOS = YES_AGGRESSIVE;
				GCC_WARN_UNUSED_FUNCTION = YES;
				GCC_WARN_UNUSED_VARIABLE = YES;
				IPHONEOS_DEPLOYMENT_TARGET = 10.2;
				MTL_ENABLE_DEBUG_INFO = YES;
				ONLY_ACTIVE_ARCH = YES;
				SDKROOT = iphoneos;
				SWIFT_ACTIVE_COMPILATION_CONDITIONS = DEBUG;
				SWIFT_OPTIMIZATION_LEVEL = "-Onone";
				TARGETED_DEVICE_FAMILY = 2;
			};
			name = Debug;
		};
		BAACE3561ED2798000CED6EE /* Release */ = {
			isa = XCBuildConfiguration;
			buildSettings = {
				ALWAYS_SEARCH_USER_PATHS = NO;
				CLANG_ANALYZER_NONNULL = YES;
				CLANG_CXX_LANGUAGE_STANDARD = "gnu++0x";
				CLANG_CXX_LIBRARY = "libc++";
				CLANG_ENABLE_MODULES = YES;
				CLANG_ENABLE_OBJC_ARC = YES;
				CLANG_WARN_BOOL_CONVERSION = YES;
				CLANG_WARN_CONSTANT_CONVERSION = YES;
				CLANG_WARN_DIRECT_OBJC_ISA_USAGE = YES_ERROR;
				CLANG_WARN_DOCUMENTATION_COMMENTS = YES;
				CLANG_WARN_EMPTY_BODY = YES;
				CLANG_WARN_ENUM_CONVERSION = YES;
				CLANG_WARN_INFINITE_RECURSION = YES;
				CLANG_WARN_INT_CONVERSION = YES;
				CLANG_WARN_OBJC_ROOT_CLASS = YES_ERROR;
				CLANG_WARN_SUSPICIOUS_MOVE = YES;
				CLANG_WARN_UNREACHABLE_CODE = YES;
				CLANG_WARN__DUPLICATE_METHOD_MATCH = YES;
				"CODE_SIGN_IDENTITY[sdk=iphoneos*]" = "iPhone Developer";
				COPY_PHASE_STRIP = NO;
				DEBUG_INFORMATION_FORMAT = "dwarf-with-dsym";
				ENABLE_NS_ASSERTIONS = NO;
				ENABLE_STRICT_OBJC_MSGSEND = YES;
				GCC_C_LANGUAGE_STANDARD = gnu99;
				GCC_NO_COMMON_BLOCKS = YES;
				GCC_WARN_64_TO_32_BIT_CONVERSION = YES;
				GCC_WARN_ABOUT_RETURN_TYPE = YES_ERROR;
				GCC_WARN_UNDECLARED_SELECTOR = YES;
				GCC_WARN_UNINITIALIZED_AUTOS = YES_AGGRESSIVE;
				GCC_WARN_UNUSED_FUNCTION = YES;
				GCC_WARN_UNUSED_VARIABLE = YES;
				IPHONEOS_DEPLOYMENT_TARGET = 10.2;
				MTL_ENABLE_DEBUG_INFO = NO;
				SDKROOT = iphoneos;
				SWIFT_OPTIMIZATION_LEVEL = "-Owholemodule";
				TARGETED_DEVICE_FAMILY = 2;
				VALIDATE_PRODUCT = YES;
			};
			name = Release;
		};
		BAACE3581ED2798000CED6EE /* Debug */ = {
			isa = XCBuildConfiguration;
			buildSettings = {
				ASSETCATALOG_COMPILER_APPICON_NAME = AppIcon;
				INFOPLIST_FILE = "Graph Creator/Info.plist";
				LD_RUNPATH_SEARCH_PATHS = "$(inherited) @executable_path/Frameworks";
				PRODUCT_BUNDLE_IDENTIFIER = "com.henryrobbins.Graph-Creator";
				PRODUCT_NAME = "$(TARGET_NAME)";
				SWIFT_VERSION = 3.0;
			};
			name = Debug;
		};
		BAACE3591ED2798000CED6EE /* Release */ = {
			isa = XCBuildConfiguration;
			buildSettings = {
				ASSETCATALOG_COMPILER_APPICON_NAME = AppIcon;
				INFOPLIST_FILE = "Graph Creator/Info.plist";
				LD_RUNPATH_SEARCH_PATHS = "$(inherited) @executable_path/Frameworks";
				PRODUCT_BUNDLE_IDENTIFIER = "com.henryrobbins.Graph-Creator";
				PRODUCT_NAME = "$(TARGET_NAME)";
				SWIFT_VERSION = 3.0;
			};
			name = Release;
		};
/* End XCBuildConfiguration section */

/* Begin XCConfigurationList section */
		BAACE3401ED2798000CED6EE /* Build configuration list for PBXProject "Graph Creator" */ = {
			isa = XCConfigurationList;
			buildConfigurations = (
				BAACE3551ED2798000CED6EE /* Debug */,
				BAACE3561ED2798000CED6EE /* Release */,
			);
			defaultConfigurationIsVisible = 0;
			defaultConfigurationName = Release;
		};
		BAACE3571ED2798000CED6EE /* Build configuration list for PBXNativeTarget "Graph Creator" */ = {
			isa = XCConfigurationList;
			buildConfigurations = (
				BAACE3581ED2798000CED6EE /* Debug */,
				BAACE3591ED2798000CED6EE /* Release */,
			);
			defaultConfigurationIsVisible = 0;
		};
/* End XCConfigurationList section */
	};
	rootObject = BAACE33D1ED2798000CED6EE /* Project object */;
}
